// !$*UTF8*$!
{
	archiveVersion = 1;
	classes = {
	};
	objectVersion = 46;
	objects = {

/* Begin PBXBuildFile section */
		197DFA12D23B2FA65A0B2600 /* Pods_MonitoriaUFVTests.framework in Frameworks */ = {isa = PBXBuildFile; fileRef = 366CE2D966899348554F2434 /* Pods_MonitoriaUFVTests.framework */; };
		4C27D9291F435F0D00CF8E72 /* AppDelegate.swift in Sources */ = {isa = PBXBuildFile; fileRef = 4C27D9281F435F0D00CF8E72 /* AppDelegate.swift */; };
		4C27D92E1F435F0D00CF8E72 /* Main.storyboard in Resources */ = {isa = PBXBuildFile; fileRef = 4C27D92C1F435F0D00CF8E72 /* Main.storyboard */; };
		4C27D9311F435F0D00CF8E72 /* MonitoriaUFV.xcdatamodeld in Sources */ = {isa = PBXBuildFile; fileRef = 4C27D92F1F435F0D00CF8E72 /* MonitoriaUFV.xcdatamodeld */; };
		4C27D9331F435F0D00CF8E72 /* Assets.xcassets in Resources */ = {isa = PBXBuildFile; fileRef = 4C27D9321F435F0D00CF8E72 /* Assets.xcassets */; };
		4C27D9361F435F0D00CF8E72 /* LaunchScreen.storyboard in Resources */ = {isa = PBXBuildFile; fileRef = 4C27D9341F435F0D00CF8E72 /* LaunchScreen.storyboard */; };
		4C27D9411F435F0D00CF8E72 /* MonitoriaUFVTests.swift in Sources */ = {isa = PBXBuildFile; fileRef = 4C27D9401F435F0D00CF8E72 /* MonitoriaUFVTests.swift */; };
		4C27D94C1F435F0D00CF8E72 /* MonitoriaUFVUITests.swift in Sources */ = {isa = PBXBuildFile; fileRef = 4C27D94B1F435F0D00CF8E72 /* MonitoriaUFVUITests.swift */; };
		4C27D95A1F435F9F00CF8E72 /* GoogleService-Info.plist in Resources */ = {isa = PBXBuildFile; fileRef = 4C27D9591F435F9F00CF8E72 /* GoogleService-Info.plist */; };
		4C29B1191F689C5E00856CC9 /* MonitoringDetailVC.swift in Sources */ = {isa = PBXBuildFile; fileRef = 4C29B1181F689C5E00856CC9 /* MonitoringDetailVC.swift */; };
		4C559DC41F8169C00093ACAA /* ChatLogController.swift in Sources */ = {isa = PBXBuildFile; fileRef = 4C559DC31F8169C00093ACAA /* ChatLogController.swift */; };
		4C559DC61F8181EF0093ACAA /* MessagesViewCell.swift in Sources */ = {isa = PBXBuildFile; fileRef = 4C559DC51F8181EF0093ACAA /* MessagesViewCell.swift */; };
		4C6C8DA11F780942000C533B /* Mensagem.swift in Sources */ = {isa = PBXBuildFile; fileRef = 4C6C8DA01F780942000C533B /* Mensagem.swift */; };
		4C6E284F1F6459DE00E1B0E4 /* Constantes.swift in Sources */ = {isa = PBXBuildFile; fileRef = 4C6E284E1F6459DE00E1B0E4 /* Constantes.swift */; };
		4C6E28511F646C5700E1B0E4 /* Usuario.swift in Sources */ = {isa = PBXBuildFile; fileRef = 4C6E28501F646C5700E1B0E4 /* Usuario.swift */; };
		4C6E28531F6471DA00E1B0E4 /* Curso.swift in Sources */ = {isa = PBXBuildFile; fileRef = 4C6E28521F6471DA00E1B0E4 /* Curso.swift */; };
		4C79B5DF1F48A60100530E75 /* LoginVC.swift in Sources */ = {isa = PBXBuildFile; fileRef = 4C79B5DE1F48A60100530E75 /* LoginVC.swift */; };
		4C79B5E11F48ABAF00530E75 /* RegisterVC.swift in Sources */ = {isa = PBXBuildFile; fileRef = 4C79B5E01F48ABAF00530E75 /* RegisterVC.swift */; };
		4C79B5E31F48B0DF00530E75 /* ResetVC.swift in Sources */ = {isa = PBXBuildFile; fileRef = 4C79B5E21F48B0DF00530E75 /* ResetVC.swift */; };
		4C79B5E51F48B27800530E75 /* MonitoringVC.swift in Sources */ = {isa = PBXBuildFile; fileRef = 4C79B5E41F48B27800530E75 /* MonitoringVC.swift */; };
		4C79B5E71F48B40400530E75 /* ConfigurationVC.swift in Sources */ = {isa = PBXBuildFile; fileRef = 4C79B5E61F48B40400530E75 /* ConfigurationVC.swift */; };
		4C79B5E91F48B93300530E75 /* ChatListVC.swift in Sources */ = {isa = PBXBuildFile; fileRef = 4C79B5E81F48B93300530E75 /* ChatListVC.swift */; };
		4C79B5EB1F4A53C400530E75 /* AuthProvider.swift in Sources */ = {isa = PBXBuildFile; fileRef = 4C79B5EA1F4A53C400530E75 /* AuthProvider.swift */; };
		4C881CA31F82FA9200764BE8 /* ChatMensagemCell.swift in Sources */ = {isa = PBXBuildFile; fileRef = 4C881CA21F82FA9200764BE8 /* ChatMensagemCell.swift */; };
		4C881CA51F83028D00764BE8 /* ElementsProvider.swift in Sources */ = {isa = PBXBuildFile; fileRef = 4C881CA41F83028D00764BE8 /* ElementsProvider.swift */; };
		4CAA30A91F673B5700D6F5A5 /* Monitoria.swift in Sources */ = {isa = PBXBuildFile; fileRef = 4CAA30A81F673B5700D6F5A5 /* Monitoria.swift */; };
		4CBDFE1C1F4D15A5000504F3 /* MonitoringViewCell.swift in Sources */ = {isa = PBXBuildFile; fileRef = 4CBDFE1B1F4D15A5000504F3 /* MonitoringViewCell.swift */; };
		4CC0AACC1F53388300DB6FBA /* DBProvider.swift in Sources */ = {isa = PBXBuildFile; fileRef = 4CC0AACB1F53388300DB6FBA /* DBProvider.swift */; };
		4CFDC3611F6C74AB00010FB8 /* ReporterVC.swift in Sources */ = {isa = PBXBuildFile; fileRef = 4CFDC3601F6C74AB00010FB8 /* ReporterVC.swift */; };
		AE3D99F97C80E9704202BB5C /* Pods_MonitoriaUFV.framework in Frameworks */ = {isa = PBXBuildFile; fileRef = DC5E08A8825AC9B56D52CCB2 /* Pods_MonitoriaUFV.framework */; };
		BC3EAD63BA0F1765182D3DF1 /* Pods_MonitoriaUFVUITests.framework in Frameworks */ = {isa = PBXBuildFile; fileRef = 11EC1DCF73F7A1292CAA128D /* Pods_MonitoriaUFVUITests.framework */; };
/* End PBXBuildFile section */

/* Begin PBXContainerItemProxy section */
		4C27D93D1F435F0D00CF8E72 /* PBXContainerItemProxy */ = {
			isa = PBXContainerItemProxy;
			containerPortal = 4C27D91D1F435F0D00CF8E72 /* Project object */;
			proxyType = 1;
			remoteGlobalIDString = 4C27D9241F435F0D00CF8E72;
			remoteInfo = MonitoriaUFV;
		};
		4C27D9481F435F0D00CF8E72 /* PBXContainerItemProxy */ = {
			isa = PBXContainerItemProxy;
			containerPortal = 4C27D91D1F435F0D00CF8E72 /* Project object */;
			proxyType = 1;
			remoteGlobalIDString = 4C27D9241F435F0D00CF8E72;
			remoteInfo = MonitoriaUFV;
		};
/* End PBXContainerItemProxy section */

/* Begin PBXFileReference section */
		11EC1DCF73F7A1292CAA128D /* Pods_MonitoriaUFVUITests.framework */ = {isa = PBXFileReference; explicitFileType = wrapper.framework; includeInIndex = 0; path = Pods_MonitoriaUFVUITests.framework; sourceTree = BUILT_PRODUCTS_DIR; };
		234F52150D595A9276AC0D7B /* Pods-MonitoriaUFVUITests.release.xcconfig */ = {isa = PBXFileReference; includeInIndex = 1; lastKnownFileType = text.xcconfig; name = "Pods-MonitoriaUFVUITests.release.xcconfig"; path = "Pods/Target Support Files/Pods-MonitoriaUFVUITests/Pods-MonitoriaUFVUITests.release.xcconfig"; sourceTree = "<group>"; };
		366CE2D966899348554F2434 /* Pods_MonitoriaUFVTests.framework */ = {isa = PBXFileReference; explicitFileType = wrapper.framework; includeInIndex = 0; path = Pods_MonitoriaUFVTests.framework; sourceTree = BUILT_PRODUCTS_DIR; };
		4C27D9251F435F0D00CF8E72 /* MonitoriaUFV.app */ = {isa = PBXFileReference; explicitFileType = wrapper.application; includeInIndex = 0; path = MonitoriaUFV.app; sourceTree = BUILT_PRODUCTS_DIR; };
		4C27D9281F435F0D00CF8E72 /* AppDelegate.swift */ = {isa = PBXFileReference; lastKnownFileType = sourcecode.swift; path = AppDelegate.swift; sourceTree = "<group>"; };
		4C27D92D1F435F0D00CF8E72 /* Base */ = {isa = PBXFileReference; lastKnownFileType = file.storyboard; name = Base; path = Base.lproj/Main.storyboard; sourceTree = "<group>"; };
		4C27D9301F435F0D00CF8E72 /* MonitoriaUFV.xcdatamodel */ = {isa = PBXFileReference; lastKnownFileType = wrapper.xcdatamodel; path = MonitoriaUFV.xcdatamodel; sourceTree = "<group>"; };
		4C27D9321F435F0D00CF8E72 /* Assets.xcassets */ = {isa = PBXFileReference; lastKnownFileType = folder.assetcatalog; path = Assets.xcassets; sourceTree = "<group>"; };
		4C27D9351F435F0D00CF8E72 /* Base */ = {isa = PBXFileReference; lastKnownFileType = file.storyboard; name = Base; path = Base.lproj/LaunchScreen.storyboard; sourceTree = "<group>"; };
		4C27D9371F435F0D00CF8E72 /* Info.plist */ = {isa = PBXFileReference; lastKnownFileType = text.plist.xml; path = Info.plist; sourceTree = "<group>"; };
		4C27D93C1F435F0D00CF8E72 /* MonitoriaUFVTests.xctest */ = {isa = PBXFileReference; explicitFileType = wrapper.cfbundle; includeInIndex = 0; path = MonitoriaUFVTests.xctest; sourceTree = BUILT_PRODUCTS_DIR; };
		4C27D9401F435F0D00CF8E72 /* MonitoriaUFVTests.swift */ = {isa = PBXFileReference; lastKnownFileType = sourcecode.swift; path = MonitoriaUFVTests.swift; sourceTree = "<group>"; };
		4C27D9421F435F0D00CF8E72 /* Info.plist */ = {isa = PBXFileReference; lastKnownFileType = text.plist.xml; path = Info.plist; sourceTree = "<group>"; };
		4C27D9471F435F0D00CF8E72 /* MonitoriaUFVUITests.xctest */ = {isa = PBXFileReference; explicitFileType = wrapper.cfbundle; includeInIndex = 0; path = MonitoriaUFVUITests.xctest; sourceTree = BUILT_PRODUCTS_DIR; };
		4C27D94B1F435F0D00CF8E72 /* MonitoriaUFVUITests.swift */ = {isa = PBXFileReference; lastKnownFileType = sourcecode.swift; path = MonitoriaUFVUITests.swift; sourceTree = "<group>"; };
		4C27D94D1F435F0D00CF8E72 /* Info.plist */ = {isa = PBXFileReference; lastKnownFileType = text.plist.xml; path = Info.plist; sourceTree = "<group>"; };
		4C27D9591F435F9F00CF8E72 /* GoogleService-Info.plist */ = {isa = PBXFileReference; fileEncoding = 4; lastKnownFileType = text.plist.xml; path = "GoogleService-Info.plist"; sourceTree = "<group>"; };
		4C29B1181F689C5E00856CC9 /* MonitoringDetailVC.swift */ = {isa = PBXFileReference; fileEncoding = 4; lastKnownFileType = sourcecode.swift; path = MonitoringDetailVC.swift; sourceTree = "<group>"; };
		4C30C5AC1F7857DB00E240D8 /* MonitoriaUFV.entitlements */ = {isa = PBXFileReference; lastKnownFileType = text.plist.entitlements; path = MonitoriaUFV.entitlements; sourceTree = "<group>"; };
		4C559DC31F8169C00093ACAA /* ChatLogController.swift */ = {isa = PBXFileReference; lastKnownFileType = sourcecode.swift; path = ChatLogController.swift; sourceTree = "<group>"; };
		4C559DC51F8181EF0093ACAA /* MessagesViewCell.swift */ = {isa = PBXFileReference; lastKnownFileType = sourcecode.swift; path = MessagesViewCell.swift; sourceTree = "<group>"; };
		4C6C8DA01F780942000C533B /* Mensagem.swift */ = {isa = PBXFileReference; lastKnownFileType = sourcecode.swift; path = Mensagem.swift; sourceTree = "<group>"; };
		4C6E284E1F6459DE00E1B0E4 /* Constantes.swift */ = {isa = PBXFileReference; fileEncoding = 4; lastKnownFileType = sourcecode.swift; path = Constantes.swift; sourceTree = "<group>"; };
		4C6E28501F646C5700E1B0E4 /* Usuario.swift */ = {isa = PBXFileReference; fileEncoding = 4; lastKnownFileType = sourcecode.swift; path = Usuario.swift; sourceTree = "<group>"; };
		4C6E28521F6471DA00E1B0E4 /* Curso.swift */ = {isa = PBXFileReference; fileEncoding = 4; lastKnownFileType = sourcecode.swift; path = Curso.swift; sourceTree = "<group>"; };
		4C79B5DE1F48A60100530E75 /* LoginVC.swift */ = {isa = PBXFileReference; fileEncoding = 4; lastKnownFileType = sourcecode.swift; path = LoginVC.swift; sourceTree = "<group>"; };
		4C79B5E01F48ABAF00530E75 /* RegisterVC.swift */ = {isa = PBXFileReference; fileEncoding = 4; lastKnownFileType = sourcecode.swift; path = RegisterVC.swift; sourceTree = "<group>"; };
		4C79B5E21F48B0DF00530E75 /* ResetVC.swift */ = {isa = PBXFileReference; fileEncoding = 4; lastKnownFileType = sourcecode.swift; path = ResetVC.swift; sourceTree = "<group>"; };
		4C79B5E41F48B27800530E75 /* MonitoringVC.swift */ = {isa = PBXFileReference; fileEncoding = 4; lastKnownFileType = sourcecode.swift; path = MonitoringVC.swift; sourceTree = "<group>"; };
		4C79B5E61F48B40400530E75 /* ConfigurationVC.swift */ = {isa = PBXFileReference; fileEncoding = 4; lastKnownFileType = sourcecode.swift; path = ConfigurationVC.swift; sourceTree = "<group>"; };
		4C79B5E81F48B93300530E75 /* ChatListVC.swift */ = {isa = PBXFileReference; fileEncoding = 4; lastKnownFileType = sourcecode.swift; path = ChatListVC.swift; sourceTree = "<group>"; };
		4C79B5EA1F4A53C400530E75 /* AuthProvider.swift */ = {isa = PBXFileReference; fileEncoding = 4; lastKnownFileType = sourcecode.swift; path = AuthProvider.swift; sourceTree = "<group>"; };
		4C881CA21F82FA9200764BE8 /* ChatMensagemCell.swift */ = {isa = PBXFileReference; lastKnownFileType = sourcecode.swift; path = ChatMensagemCell.swift; sourceTree = "<group>"; };
		4C881CA41F83028D00764BE8 /* ElementsProvider.swift */ = {isa = PBXFileReference; lastKnownFileType = sourcecode.swift; path = ElementsProvider.swift; sourceTree = "<group>"; };
		4CAA30A81F673B5700D6F5A5 /* Monitoria.swift */ = {isa = PBXFileReference; fileEncoding = 4; lastKnownFileType = sourcecode.swift; path = Monitoria.swift; sourceTree = "<group>"; };
		4CBDFE1B1F4D15A5000504F3 /* MonitoringViewCell.swift */ = {isa = PBXFileReference; fileEncoding = 4; lastKnownFileType = sourcecode.swift; path = MonitoringViewCell.swift; sourceTree = "<group>"; };
		4CC0AACB1F53388300DB6FBA /* DBProvider.swift */ = {isa = PBXFileReference; fileEncoding = 4; lastKnownFileType = sourcecode.swift; path = DBProvider.swift; sourceTree = "<group>"; };
		4CFDC3601F6C74AB00010FB8 /* ReporterVC.swift */ = {isa = PBXFileReference; fileEncoding = 4; lastKnownFileType = sourcecode.swift; path = ReporterVC.swift; sourceTree = "<group>"; };
		77D676C591A5E13DC811BCDB /* Pods-MonitoriaUFV.debug.xcconfig */ = {isa = PBXFileReference; includeInIndex = 1; lastKnownFileType = text.xcconfig; name = "Pods-MonitoriaUFV.debug.xcconfig"; path = "Pods/Target Support Files/Pods-MonitoriaUFV/Pods-MonitoriaUFV.debug.xcconfig"; sourceTree = "<group>"; };
		8407CF544D0B76A57A7B2692 /* Pods-MonitoriaUFV.release.xcconfig */ = {isa = PBXFileReference; includeInIndex = 1; lastKnownFileType = text.xcconfig; name = "Pods-MonitoriaUFV.release.xcconfig"; path = "Pods/Target Support Files/Pods-MonitoriaUFV/Pods-MonitoriaUFV.release.xcconfig"; sourceTree = "<group>"; };
		BC85B8F1A13FD03D6184C13A /* Pods-MonitoriaUFVTests.release.xcconfig */ = {isa = PBXFileReference; includeInIndex = 1; lastKnownFileType = text.xcconfig; name = "Pods-MonitoriaUFVTests.release.xcconfig"; path = "Pods/Target Support Files/Pods-MonitoriaUFVTests/Pods-MonitoriaUFVTests.release.xcconfig"; sourceTree = "<group>"; };
		DC5E08A8825AC9B56D52CCB2 /* Pods_MonitoriaUFV.framework */ = {isa = PBXFileReference; explicitFileType = wrapper.framework; includeInIndex = 0; path = Pods_MonitoriaUFV.framework; sourceTree = BUILT_PRODUCTS_DIR; };
		E8D1FE2F1619ADA76E455273 /* Pods-MonitoriaUFVUITests.debug.xcconfig */ = {isa = PBXFileReference; includeInIndex = 1; lastKnownFileType = text.xcconfig; name = "Pods-MonitoriaUFVUITests.debug.xcconfig"; path = "Pods/Target Support Files/Pods-MonitoriaUFVUITests/Pods-MonitoriaUFVUITests.debug.xcconfig"; sourceTree = "<group>"; };
		F5EE97819674FDFC427382F3 /* Pods-MonitoriaUFVTests.debug.xcconfig */ = {isa = PBXFileReference; includeInIndex = 1; lastKnownFileType = text.xcconfig; name = "Pods-MonitoriaUFVTests.debug.xcconfig"; path = "Pods/Target Support Files/Pods-MonitoriaUFVTests/Pods-MonitoriaUFVTests.debug.xcconfig"; sourceTree = "<group>"; };
/* End PBXFileReference section */

/* Begin PBXFrameworksBuildPhase section */
		4C27D9221F435F0D00CF8E72 /* Frameworks */ = {
			isa = PBXFrameworksBuildPhase;
			buildActionMask = 2147483647;
			files = (
				AE3D99F97C80E9704202BB5C /* Pods_MonitoriaUFV.framework in Frameworks */,
			);
			runOnlyForDeploymentPostprocessing = 0;
		};
		4C27D9391F435F0D00CF8E72 /* Frameworks */ = {
			isa = PBXFrameworksBuildPhase;
			buildActionMask = 2147483647;
			files = (
				197DFA12D23B2FA65A0B2600 /* Pods_MonitoriaUFVTests.framework in Frameworks */,
			);
			runOnlyForDeploymentPostprocessing = 0;
		};
		4C27D9441F435F0D00CF8E72 /* Frameworks */ = {
			isa = PBXFrameworksBuildPhase;
			buildActionMask = 2147483647;
			files = (
				BC3EAD63BA0F1765182D3DF1 /* Pods_MonitoriaUFVUITests.framework in Frameworks */,
			);
			runOnlyForDeploymentPostprocessing = 0;
		};
/* End PBXFrameworksBuildPhase section */

/* Begin PBXGroup section */
		2545ADAFEC78A1D4DFFE76E4 /* Pods */ = {
			isa = PBXGroup;
			children = (
				77D676C591A5E13DC811BCDB /* Pods-MonitoriaUFV.debug.xcconfig */,
				8407CF544D0B76A57A7B2692 /* Pods-MonitoriaUFV.release.xcconfig */,
				F5EE97819674FDFC427382F3 /* Pods-MonitoriaUFVTests.debug.xcconfig */,
				BC85B8F1A13FD03D6184C13A /* Pods-MonitoriaUFVTests.release.xcconfig */,
				E8D1FE2F1619ADA76E455273 /* Pods-MonitoriaUFVUITests.debug.xcconfig */,
				234F52150D595A9276AC0D7B /* Pods-MonitoriaUFVUITests.release.xcconfig */,
			);
			name = Pods;
			sourceTree = "<group>";
		};
		4C27D91C1F435F0D00CF8E72 = {
			isa = PBXGroup;
			children = (
				4C27D9271F435F0D00CF8E72 /* MonitoriaUFV */,
				4C27D93F1F435F0D00CF8E72 /* MonitoriaUFVTests */,
				4C27D94A1F435F0D00CF8E72 /* MonitoriaUFVUITests */,
				4C27D9261F435F0D00CF8E72 /* Products */,
				2545ADAFEC78A1D4DFFE76E4 /* Pods */,
				5A3B99F2EDE9AA82A6703194 /* Frameworks */,
			);
			sourceTree = "<group>";
		};
		4C27D9261F435F0D00CF8E72 /* Products */ = {
			isa = PBXGroup;
			children = (
				4C27D9251F435F0D00CF8E72 /* MonitoriaUFV.app */,
				4C27D93C1F435F0D00CF8E72 /* MonitoriaUFVTests.xctest */,
				4C27D9471F435F0D00CF8E72 /* MonitoriaUFVUITests.xctest */,
			);
			name = Products;
			sourceTree = "<group>";
		};
		4C27D9271F435F0D00CF8E72 /* MonitoriaUFV */ = {
			isa = PBXGroup;
			children = (
				4C30C5AC1F7857DB00E240D8 /* MonitoriaUFV.entitlements */,
				4C4353B11F4649AA00114A76 /* Provider */,
				4C4353B01F46499600114A76 /* Controller */,
				4C4353AF1F46498F00114A76 /* View */,
				4C4353AE1F46498400114A76 /* Model */,
				4C27D9281F435F0D00CF8E72 /* AppDelegate.swift */,
				4C27D92C1F435F0D00CF8E72 /* Main.storyboard */,
				4C27D9321F435F0D00CF8E72 /* Assets.xcassets */,
				4C27D9341F435F0D00CF8E72 /* LaunchScreen.storyboard */,
				4C27D9371F435F0D00CF8E72 /* Info.plist */,
				4C27D9591F435F9F00CF8E72 /* GoogleService-Info.plist */,
				4C27D92F1F435F0D00CF8E72 /* MonitoriaUFV.xcdatamodeld */,
			);
			path = MonitoriaUFV;
			sourceTree = "<group>";
		};
		4C27D93F1F435F0D00CF8E72 /* MonitoriaUFVTests */ = {
			isa = PBXGroup;
			children = (
				4C27D9401F435F0D00CF8E72 /* MonitoriaUFVTests.swift */,
				4C27D9421F435F0D00CF8E72 /* Info.plist */,
			);
			path = MonitoriaUFVTests;
			sourceTree = "<group>";
		};
		4C27D94A1F435F0D00CF8E72 /* MonitoriaUFVUITests */ = {
			isa = PBXGroup;
			children = (
				4C27D94B1F435F0D00CF8E72 /* MonitoriaUFVUITests.swift */,
				4C27D94D1F435F0D00CF8E72 /* Info.plist */,
			);
			path = MonitoriaUFVUITests;
			sourceTree = "<group>";
		};
		4C4353AE1F46498400114A76 /* Model */ = {
			isa = PBXGroup;
			children = (
				4C6E284E1F6459DE00E1B0E4 /* Constantes.swift */,
				4C6E28501F646C5700E1B0E4 /* Usuario.swift */,
				4C6E28521F6471DA00E1B0E4 /* Curso.swift */,
				4CAA30A81F673B5700D6F5A5 /* Monitoria.swift */,
				4C6C8DA01F780942000C533B /* Mensagem.swift */,
			);
			name = Model;
			sourceTree = "<group>";
		};
		4C4353AF1F46498F00114A76 /* View */ = {
			isa = PBXGroup;
			children = (
				4CBDFE1B1F4D15A5000504F3 /* MonitoringViewCell.swift */,
				4C559DC51F8181EF0093ACAA /* MessagesViewCell.swift */,
				4C881CA21F82FA9200764BE8 /* ChatMensagemCell.swift */,
			);
			name = View;
			sourceTree = "<group>";
		};
		4C4353B01F46499600114A76 /* Controller */ = {
			isa = PBXGroup;
			children = (
				4C79B5DE1F48A60100530E75 /* LoginVC.swift */,
				4C79B5E01F48ABAF00530E75 /* RegisterVC.swift */,
				4C79B5E21F48B0DF00530E75 /* ResetVC.swift */,
				4C79B5E41F48B27800530E75 /* MonitoringVC.swift */,
				4C79B5E81F48B93300530E75 /* ChatListVC.swift */,
				4C559DC31F8169C00093ACAA /* ChatLogController.swift */,
				4C79B5E61F48B40400530E75 /* ConfigurationVC.swift */,
				4C29B1181F689C5E00856CC9 /* MonitoringDetailVC.swift */,
				4CFDC3601F6C74AB00010FB8 /* ReporterVC.swift */,
			);
			name = Controller;
			sourceTree = "<group>";
		};
		4C4353B11F4649AA00114A76 /* Provider */ = {
			isa = PBXGroup;
			children = (
				4C79B5EA1F4A53C400530E75 /* AuthProvider.swift */,
				4CC0AACB1F53388300DB6FBA /* DBProvider.swift */,
				4C881CA41F83028D00764BE8 /* ElementsProvider.swift */,
			);
			name = Provider;
			sourceTree = "<group>";
		};
		5A3B99F2EDE9AA82A6703194 /* Frameworks */ = {
			isa = PBXGroup;
			children = (
				DC5E08A8825AC9B56D52CCB2 /* Pods_MonitoriaUFV.framework */,
				366CE2D966899348554F2434 /* Pods_MonitoriaUFVTests.framework */,
				11EC1DCF73F7A1292CAA128D /* Pods_MonitoriaUFVUITests.framework */,
			);
			name = Frameworks;
			sourceTree = "<group>";
		};
/* End PBXGroup section */

/* Begin PBXNativeTarget section */
		4C27D9241F435F0D00CF8E72 /* MonitoriaUFV */ = {
			isa = PBXNativeTarget;
			buildConfigurationList = 4C27D9501F435F0D00CF8E72 /* Build configuration list for PBXNativeTarget "MonitoriaUFV" */;
			buildPhases = (
				B56B8C51FFFFC1AAC1939DA4 /* [CP] Check Pods Manifest.lock */,
				4C27D9211F435F0D00CF8E72 /* Sources */,
				4C27D9221F435F0D00CF8E72 /* Frameworks */,
				4C27D9231F435F0D00CF8E72 /* Resources */,
				9D6B3C155523FE54F64384E6 /* [CP] Embed Pods Frameworks */,
				D1DE37489017D196677A8CAC /* [CP] Copy Pods Resources */,
			);
			buildRules = (
			);
			dependencies = (
			);
			name = MonitoriaUFV;
			productName = MonitoriaUFV;
			productReference = 4C27D9251F435F0D00CF8E72 /* MonitoriaUFV.app */;
			productType = "com.apple.product-type.application";
		};
		4C27D93B1F435F0D00CF8E72 /* MonitoriaUFVTests */ = {
			isa = PBXNativeTarget;
			buildConfigurationList = 4C27D9531F435F0D00CF8E72 /* Build configuration list for PBXNativeTarget "MonitoriaUFVTests" */;
			buildPhases = (
				F1CD7061AE32CC7110106D7B /* [CP] Check Pods Manifest.lock */,
				4C27D9381F435F0D00CF8E72 /* Sources */,
				4C27D9391F435F0D00CF8E72 /* Frameworks */,
				4C27D93A1F435F0D00CF8E72 /* Resources */,
				7DE05843DFB07EC8D6175DD6 /* [CP] Embed Pods Frameworks */,
				FB738698C4F3AE940FB105D1 /* [CP] Copy Pods Resources */,
			);
			buildRules = (
			);
			dependencies = (
				4C27D93E1F435F0D00CF8E72 /* PBXTargetDependency */,
			);
			name = MonitoriaUFVTests;
			productName = MonitoriaUFVTests;
			productReference = 4C27D93C1F435F0D00CF8E72 /* MonitoriaUFVTests.xctest */;
			productType = "com.apple.product-type.bundle.unit-test";
		};
		4C27D9461F435F0D00CF8E72 /* MonitoriaUFVUITests */ = {
			isa = PBXNativeTarget;
			buildConfigurationList = 4C27D9561F435F0D00CF8E72 /* Build configuration list for PBXNativeTarget "MonitoriaUFVUITests" */;
			buildPhases = (
				E9B48900EF01377981F94A42 /* [CP] Check Pods Manifest.lock */,
				4C27D9431F435F0D00CF8E72 /* Sources */,
				4C27D9441F435F0D00CF8E72 /* Frameworks */,
				4C27D9451F435F0D00CF8E72 /* Resources */,
				B47A7D001D8A9CFA0CC1DC26 /* [CP] Embed Pods Frameworks */,
				4075B70902CBCA154C594570 /* [CP] Copy Pods Resources */,
			);
			buildRules = (
			);
			dependencies = (
				4C27D9491F435F0D00CF8E72 /* PBXTargetDependency */,
			);
			name = MonitoriaUFVUITests;
			productName = MonitoriaUFVUITests;
			productReference = 4C27D9471F435F0D00CF8E72 /* MonitoriaUFVUITests.xctest */;
			productType = "com.apple.product-type.bundle.ui-testing";
		};
/* End PBXNativeTarget section */

/* Begin PBXProject section */
		4C27D91D1F435F0D00CF8E72 /* Project object */ = {
			isa = PBXProject;
			attributes = {
				LastSwiftUpdateCheck = 0830;
				LastUpgradeCheck = 0830;
				ORGANIZATIONNAME = "Daniel Araújo Silva";
				TargetAttributes = {
					4C27D9241F435F0D00CF8E72 = {
						CreatedOnToolsVersion = 8.3.3;
						DevelopmentTeam = ZX8B9U4537;
						ProvisioningStyle = Automatic;
						SystemCapabilities = {
							com.apple.BackgroundModes = {
								enabled = 1;
							};
							com.apple.Push = {
								enabled = 1;
							};
						};
					};
					4C27D93B1F435F0D00CF8E72 = {
						CreatedOnToolsVersion = 8.3.3;
						DevelopmentTeam = ZX8B9U4537;
						ProvisioningStyle = Automatic;
						TestTargetID = 4C27D9241F435F0D00CF8E72;
					};
					4C27D9461F435F0D00CF8E72 = {
						CreatedOnToolsVersion = 8.3.3;
						DevelopmentTeam = ZX8B9U4537;
						ProvisioningStyle = Automatic;
						TestTargetID = 4C27D9241F435F0D00CF8E72;
					};
				};
			};
			buildConfigurationList = 4C27D9201F435F0D00CF8E72 /* Build configuration list for PBXProject "MonitoriaUFV" */;
			compatibilityVersion = "Xcode 3.2";
			developmentRegion = English;
			hasScannedForEncodings = 0;
			knownRegions = (
				en,
				Base,
			);
			mainGroup = 4C27D91C1F435F0D00CF8E72;
			productRefGroup = 4C27D9261F435F0D00CF8E72 /* Products */;
			projectDirPath = "";
			projectRoot = "";
			targets = (
				4C27D9241F435F0D00CF8E72 /* MonitoriaUFV */,
				4C27D93B1F435F0D00CF8E72 /* MonitoriaUFVTests */,
				4C27D9461F435F0D00CF8E72 /* MonitoriaUFVUITests */,
			);
		};
/* End PBXProject section */

/* Begin PBXResourcesBuildPhase section */
		4C27D9231F435F0D00CF8E72 /* Resources */ = {
			isa = PBXResourcesBuildPhase;
			buildActionMask = 2147483647;
			files = (
				4C27D9361F435F0D00CF8E72 /* LaunchScreen.storyboard in Resources */,
				4C27D95A1F435F9F00CF8E72 /* GoogleService-Info.plist in Resources */,
				4C27D9331F435F0D00CF8E72 /* Assets.xcassets in Resources */,
				4C27D92E1F435F0D00CF8E72 /* Main.storyboard in Resources */,
			);
			runOnlyForDeploymentPostprocessing = 0;
		};
		4C27D93A1F435F0D00CF8E72 /* Resources */ = {
			isa = PBXResourcesBuildPhase;
			buildActionMask = 2147483647;
			files = (
			);
			runOnlyForDeploymentPostprocessing = 0;
		};
		4C27D9451F435F0D00CF8E72 /* Resources */ = {
			isa = PBXResourcesBuildPhase;
			buildActionMask = 2147483647;
			files = (
			);
			runOnlyForDeploymentPostprocessing = 0;
		};
/* End PBXResourcesBuildPhase section */

/* Begin PBXShellScriptBuildPhase section */
		4075B70902CBCA154C594570 /* [CP] Copy Pods Resources */ = {
			isa = PBXShellScriptBuildPhase;
			buildActionMask = 2147483647;
			files = (
			);
			inputPaths = (
			);
			name = "[CP] Copy Pods Resources";
			outputPaths = (
			);
			runOnlyForDeploymentPostprocessing = 0;
			shellPath = /bin/sh;
			shellScript = "\"${SRCROOT}/Pods/Target Support Files/Pods-MonitoriaUFVUITests/Pods-MonitoriaUFVUITests-resources.sh\"\n";
			showEnvVarsInLog = 0;
		};
		7DE05843DFB07EC8D6175DD6 /* [CP] Embed Pods Frameworks */ = {
			isa = PBXShellScriptBuildPhase;
			buildActionMask = 2147483647;
			files = (
			);
			inputPaths = (
			);
			name = "[CP] Embed Pods Frameworks";
			outputPaths = (
			);
			runOnlyForDeploymentPostprocessing = 0;
			shellPath = /bin/sh;
			shellScript = "\"${SRCROOT}/Pods/Target Support Files/Pods-MonitoriaUFVTests/Pods-MonitoriaUFVTests-frameworks.sh\"\n";
			showEnvVarsInLog = 0;
		};
		9D6B3C155523FE54F64384E6 /* [CP] Embed Pods Frameworks */ = {
			isa = PBXShellScriptBuildPhase;
			buildActionMask = 2147483647;
			files = (
			);
			inputPaths = (
			);
			name = "[CP] Embed Pods Frameworks";
			outputPaths = (
			);
			runOnlyForDeploymentPostprocessing = 0;
			shellPath = /bin/sh;
			shellScript = "\"${SRCROOT}/Pods/Target Support Files/Pods-MonitoriaUFV/Pods-MonitoriaUFV-frameworks.sh\"\n";
			showEnvVarsInLog = 0;
		};
		B47A7D001D8A9CFA0CC1DC26 /* [CP] Embed Pods Frameworks */ = {
			isa = PBXShellScriptBuildPhase;
			buildActionMask = 2147483647;
			files = (
			);
			inputPaths = (
			);
			name = "[CP] Embed Pods Frameworks";
			outputPaths = (
			);
			runOnlyForDeploymentPostprocessing = 0;
			shellPath = /bin/sh;
			shellScript = "\"${SRCROOT}/Pods/Target Support Files/Pods-MonitoriaUFVUITests/Pods-MonitoriaUFVUITests-frameworks.sh\"\n";
			showEnvVarsInLog = 0;
		};
		B56B8C51FFFFC1AAC1939DA4 /* [CP] Check Pods Manifest.lock */ = {
			isa = PBXShellScriptBuildPhase;
			buildActionMask = 2147483647;
			files = (
			);
			inputPaths = (
			);
			name = "[CP] Check Pods Manifest.lock";
			outputPaths = (
			);
			runOnlyForDeploymentPostprocessing = 0;
			shellPath = /bin/sh;
			shellScript = "diff \"${PODS_PODFILE_DIR_PATH}/Podfile.lock\" \"${PODS_ROOT}/Manifest.lock\" > /dev/null\nif [ $? != 0 ] ; then\n    # print error to STDERR\n    echo \"error: The sandbox is not in sync with the Podfile.lock. Run 'pod install' or update your CocoaPods installation.\" >&2\n    exit 1\nfi\n";
			showEnvVarsInLog = 0;
		};
		D1DE37489017D196677A8CAC /* [CP] Copy Pods Resources */ = {
			isa = PBXShellScriptBuildPhase;
			buildActionMask = 2147483647;
			files = (
			);
			inputPaths = (
			);
			name = "[CP] Copy Pods Resources";
			outputPaths = (
			);
			runOnlyForDeploymentPostprocessing = 0;
			shellPath = /bin/sh;
			shellScript = "\"${SRCROOT}/Pods/Target Support Files/Pods-MonitoriaUFV/Pods-MonitoriaUFV-resources.sh\"\n";
			showEnvVarsInLog = 0;
		};
		E9B48900EF01377981F94A42 /* [CP] Check Pods Manifest.lock */ = {
			isa = PBXShellScriptBuildPhase;
			buildActionMask = 2147483647;
			files = (
			);
			inputPaths = (
			);
			name = "[CP] Check Pods Manifest.lock";
			outputPaths = (
			);
			runOnlyForDeploymentPostprocessing = 0;
			shellPath = /bin/sh;
			shellScript = "diff \"${PODS_PODFILE_DIR_PATH}/Podfile.lock\" \"${PODS_ROOT}/Manifest.lock\" > /dev/null\nif [ $? != 0 ] ; then\n    # print error to STDERR\n    echo \"error: The sandbox is not in sync with the Podfile.lock. Run 'pod install' or update your CocoaPods installation.\" >&2\n    exit 1\nfi\n";
			showEnvVarsInLog = 0;
		};
		F1CD7061AE32CC7110106D7B /* [CP] Check Pods Manifest.lock */ = {
			isa = PBXShellScriptBuildPhase;
			buildActionMask = 2147483647;
			files = (
			);
			inputPaths = (
			);
			name = "[CP] Check Pods Manifest.lock";
			outputPaths = (
			);
			runOnlyForDeploymentPostprocessing = 0;
			shellPath = /bin/sh;
			shellScript = "diff \"${PODS_PODFILE_DIR_PATH}/Podfile.lock\" \"${PODS_ROOT}/Manifest.lock\" > /dev/null\nif [ $? != 0 ] ; then\n    # print error to STDERR\n    echo \"error: The sandbox is not in sync with the Podfile.lock. Run 'pod install' or update your CocoaPods installation.\" >&2\n    exit 1\nfi\n";
			showEnvVarsInLog = 0;
		};
		FB738698C4F3AE940FB105D1 /* [CP] Copy Pods Resources */ = {
			isa = PBXShellScriptBuildPhase;
			buildActionMask = 2147483647;
			files = (
			);
			inputPaths = (
			);
			name = "[CP] Copy Pods Resources";
			outputPaths = (
			);
			runOnlyForDeploymentPostprocessing = 0;
			shellPath = /bin/sh;
			shellScript = "\"${SRCROOT}/Pods/Target Support Files/Pods-MonitoriaUFVTests/Pods-MonitoriaUFVTests-resources.sh\"\n";
			showEnvVarsInLog = 0;
		};
/* End PBXShellScriptBuildPhase section */

/* Begin PBXSourcesBuildPhase section */
		4C27D9211F435F0D00CF8E72 /* Sources */ = {
			isa = PBXSourcesBuildPhase;
			buildActionMask = 2147483647;
			files = (
				4C559DC41F8169C00093ACAA /* ChatLogController.swift in Sources */,
				4C6E28511F646C5700E1B0E4 /* Usuario.swift in Sources */,
				4CBDFE1C1F4D15A5000504F3 /* MonitoringViewCell.swift in Sources */,
				4CAA30A91F673B5700D6F5A5 /* Monitoria.swift in Sources */,
				4C79B5E91F48B93300530E75 /* ChatListVC.swift in Sources */,
				4C79B5E31F48B0DF00530E75 /* ResetVC.swift in Sources */,
				4C29B1191F689C5E00856CC9 /* MonitoringDetailVC.swift in Sources */,
				4C27D9291F435F0D00CF8E72 /* AppDelegate.swift in Sources */,
				4C79B5E11F48ABAF00530E75 /* RegisterVC.swift in Sources */,
				4C79B5E71F48B40400530E75 /* ConfigurationVC.swift in Sources */,
				4C6C8DA11F780942000C533B /* Mensagem.swift in Sources */,
				4C27D9311F435F0D00CF8E72 /* MonitoriaUFV.xcdatamodeld in Sources */,
				4C559DC61F8181EF0093ACAA /* MessagesViewCell.swift in Sources */,
				4C881CA31F82FA9200764BE8 /* ChatMensagemCell.swift in Sources */,
				4C6E28531F6471DA00E1B0E4 /* Curso.swift in Sources */,
				4CFDC3611F6C74AB00010FB8 /* ReporterVC.swift in Sources */,
				4CC0AACC1F53388300DB6FBA /* DBProvider.swift in Sources */,
				4C881CA51F83028D00764BE8 /* ElementsProvider.swift in Sources */,
				4C79B5EB1F4A53C400530E75 /* AuthProvider.swift in Sources */,
				4C79B5E51F48B27800530E75 /* MonitoringVC.swift in Sources */,
				4C79B5DF1F48A60100530E75 /* LoginVC.swift in Sources */,
				4C6E284F1F6459DE00E1B0E4 /* Constantes.swift in Sources */,
			);
			runOnlyForDeploymentPostprocessing = 0;
		};
		4C27D9381F435F0D00CF8E72 /* Sources */ = {
			isa = PBXSourcesBuildPhase;
			buildActionMask = 2147483647;
			files = (
				4C27D9411F435F0D00CF8E72 /* MonitoriaUFVTests.swift in Sources */,
			);
			runOnlyForDeploymentPostprocessing = 0;
		};
		4C27D9431F435F0D00CF8E72 /* Sources */ = {
			isa = PBXSourcesBuildPhase;
			buildActionMask = 2147483647;
			files = (
				4C27D94C1F435F0D00CF8E72 /* MonitoriaUFVUITests.swift in Sources */,
			);
			runOnlyForDeploymentPostprocessing = 0;
		};
/* End PBXSourcesBuildPhase section */

/* Begin PBXTargetDependency section */
		4C27D93E1F435F0D00CF8E72 /* PBXTargetDependency */ = {
			isa = PBXTargetDependency;
			target = 4C27D9241F435F0D00CF8E72 /* MonitoriaUFV */;
			targetProxy = 4C27D93D1F435F0D00CF8E72 /* PBXContainerItemProxy */;
		};
		4C27D9491F435F0D00CF8E72 /* PBXTargetDependency */ = {
			isa = PBXTargetDependency;
			target = 4C27D9241F435F0D00CF8E72 /* MonitoriaUFV */;
			targetProxy = 4C27D9481F435F0D00CF8E72 /* PBXContainerItemProxy */;
		};
/* End PBXTargetDependency section */

/* Begin PBXVariantGroup section */
		4C27D92C1F435F0D00CF8E72 /* Main.storyboard */ = {
			isa = PBXVariantGroup;
			children = (
				4C27D92D1F435F0D00CF8E72 /* Base */,
			);
			name = Main.storyboard;
			sourceTree = "<group>";
		};
		4C27D9341F435F0D00CF8E72 /* LaunchScreen.storyboard */ = {
			isa = PBXVariantGroup;
			children = (
				4C27D9351F435F0D00CF8E72 /* Base */,
			);
			name = LaunchScreen.storyboard;
			sourceTree = "<group>";
		};
/* End PBXVariantGroup section */

/* Begin XCBuildConfiguration section */
		4C27D94E1F435F0D00CF8E72 /* Debug */ = {
			isa = XCBuildConfiguration;
			buildSettings = {
				ALWAYS_SEARCH_USER_PATHS = NO;
				CLANG_ANALYZER_NONNULL = YES;
				CLANG_ANALYZER_NUMBER_OBJECT_CONVERSION = YES_AGGRESSIVE;
				CLANG_CXX_LANGUAGE_STANDARD = "gnu++0x";
				CLANG_CXX_LIBRARY = "libc++";
				CLANG_ENABLE_MODULES = YES;
				CLANG_ENABLE_OBJC_ARC = YES;
				CLANG_WARN_BOOL_CONVERSION = YES;
				CLANG_WARN_CONSTANT_CONVERSION = YES;
				CLANG_WARN_DIRECT_OBJC_ISA_USAGE = YES_ERROR;
				CLANG_WARN_DOCUMENTATION_COMMENTS = YES;
				CLANG_WARN_EMPTY_BODY = YES;
				CLANG_WARN_ENUM_CONVERSION = YES;
				CLANG_WARN_INFINITE_RECURSION = YES;
				CLANG_WARN_INT_CONVERSION = YES;
				CLANG_WARN_OBJC_ROOT_CLASS = YES_ERROR;
				CLANG_WARN_SUSPICIOUS_MOVE = YES;
				CLANG_WARN_UNREACHABLE_CODE = YES;
				CLANG_WARN__DUPLICATE_METHOD_MATCH = YES;
				"CODE_SIGN_IDENTITY[sdk=iphoneos*]" = "iPhone Developer";
				COPY_PHASE_STRIP = NO;
				DEBUG_INFORMATION_FORMAT = dwarf;
				ENABLE_BITCODE = NO;
				ENABLE_STRICT_OBJC_MSGSEND = YES;
				ENABLE_TESTABILITY = YES;
				GCC_C_LANGUAGE_STANDARD = gnu99;
				GCC_DYNAMIC_NO_PIC = NO;
				GCC_NO_COMMON_BLOCKS = YES;
				GCC_OPTIMIZATION_LEVEL = 0;
				GCC_PREPROCESSOR_DEFINITIONS = (
					"DEBUG=1",
					"$(inherited)",
				);
				GCC_WARN_64_TO_32_BIT_CONVERSION = YES;
				GCC_WARN_ABOUT_RETURN_TYPE = YES_ERROR;
				GCC_WARN_UNDECLARED_SELECTOR = YES;
				GCC_WARN_UNINITIALIZED_AUTOS = YES_AGGRESSIVE;
				GCC_WARN_UNUSED_FUNCTION = YES;
				GCC_WARN_UNUSED_VARIABLE = YES;
				IPHONEOS_DEPLOYMENT_TARGET = 9.0;
				MTL_ENABLE_DEBUG_INFO = YES;
				ONLY_ACTIVE_ARCH = YES;
				SDKROOT = iphoneos;
				SWIFT_ACTIVE_COMPILATION_CONDITIONS = DEBUG;
				SWIFT_OPTIMIZATION_LEVEL = "-Onone";
				TARGETED_DEVICE_FAMILY = "1,2";
			};
			name = Debug;
		};
		4C27D94F1F435F0D00CF8E72 /* Release */ = {
			isa = XCBuildConfiguration;
			buildSettings = {
				ALWAYS_SEARCH_USER_PATHS = NO;
				CLANG_ANALYZER_NONNULL = YES;
				CLANG_ANALYZER_NUMBER_OBJECT_CONVERSION = YES_AGGRESSIVE;
				CLANG_CXX_LANGUAGE_STANDARD = "gnu++0x";
				CLANG_CXX_LIBRARY = "libc++";
				CLANG_ENABLE_MODULES = YES;
				CLANG_ENABLE_OBJC_ARC = YES;
				CLANG_WARN_BOOL_CONVERSION = YES;
				CLANG_WARN_CONSTANT_CONVERSION = YES;
				CLANG_WARN_DIRECT_OBJC_ISA_USAGE = YES_ERROR;
				CLANG_WARN_DOCUMENTATION_COMMENTS = YES;
				CLANG_WARN_EMPTY_BODY = YES;
				CLANG_WARN_ENUM_CONVERSION = YES;
				CLANG_WARN_INFINITE_RECURSION = YES;
				CLANG_WARN_INT_CONVERSION = YES;
				CLANG_WARN_OBJC_ROOT_CLASS = YES_ERROR;
				CLANG_WARN_SUSPICIOUS_MOVE = YES;
				CLANG_WARN_UNREACHABLE_CODE = YES;
				CLANG_WARN__DUPLICATE_METHOD_MATCH = YES;
				"CODE_SIGN_IDENTITY[sdk=iphoneos*]" = "iPhone Developer";
				COPY_PHASE_STRIP = NO;
				DEBUG_INFORMATION_FORMAT = "dwarf-with-dsym";
				ENABLE_BITCODE = NO;
				ENABLE_NS_ASSERTIONS = NO;
				ENABLE_STRICT_OBJC_MSGSEND = YES;
				GCC_C_LANGUAGE_STANDARD = gnu99;
				GCC_NO_COMMON_BLOCKS = YES;
				GCC_WARN_64_TO_32_BIT_CONVERSION = YES;
				GCC_WARN_ABOUT_RETURN_TYPE = YES_ERROR;
				GCC_WARN_UNDECLARED_SELECTOR = YES;
				GCC_WARN_UNINITIALIZED_AUTOS = YES_AGGRESSIVE;
				GCC_WARN_UNUSED_FUNCTION = YES;
				GCC_WARN_UNUSED_VARIABLE = YES;
				IPHONEOS_DEPLOYMENT_TARGET = 9.0;
				MTL_ENABLE_DEBUG_INFO = NO;
				SDKROOT = iphoneos;
				SWIFT_OPTIMIZATION_LEVEL = "-Owholemodule";
				TARGETED_DEVICE_FAMILY = "1,2";
				VALIDATE_PRODUCT = YES;
			};
			name = Release;
		};
		4C27D9511F435F0D00CF8E72 /* Debug */ = {
			isa = XCBuildConfiguration;
			baseConfigurationReference = 77D676C591A5E13DC811BCDB /* Pods-MonitoriaUFV.debug.xcconfig */;
			buildSettings = {
				ASSETCATALOG_COMPILER_APPICON_NAME = AppIcon;
				CODE_SIGN_ENTITLEMENTS = MonitoriaUFV/MonitoriaUFV.entitlements;
				DEVELOPMENT_TEAM = ZX8B9U4537;
				ENABLE_BITCODE = NO;
				INFOPLIST_FILE = MonitoriaUFV/Info.plist;
				IPHONEOS_DEPLOYMENT_TARGET = 9.0;
				LD_RUNPATH_SEARCH_PATHS = "$(inherited) @executable_path/Frameworks";
				PRODUCT_BUNDLE_IDENTIFIER = com.danielaraujos.MonitoriaUFV;
				PRODUCT_NAME = "$(TARGET_NAME)";
				SWIFT_VERSION = 3.0;
			};
			name = Debug;
		};
		4C27D9521F435F0D00CF8E72 /* Release */ = {
			isa = XCBuildConfiguration;
			baseConfigurationReference = 8407CF544D0B76A57A7B2692 /* Pods-MonitoriaUFV.release.xcconfig */;
			buildSettings = {
				ASSETCATALOG_COMPILER_APPICON_NAME = AppIcon;
				CODE_SIGN_ENTITLEMENTS = MonitoriaUFV/MonitoriaUFV.entitlements;
				DEVELOPMENT_TEAM = ZX8B9U4537;
				ENABLE_BITCODE = NO;
				INFOPLIST_FILE = MonitoriaUFV/Info.plist;
				IPHONEOS_DEPLOYMENT_TARGET = 9.0;
				LD_RUNPATH_SEARCH_PATHS = "$(inherited) @executable_path/Frameworks";
				PRODUCT_BUNDLE_IDENTIFIER = com.danielaraujos.MonitoriaUFV;
				PRODUCT_NAME = "$(TARGET_NAME)";
				SWIFT_VERSION = 3.0;
			};
			name = Release;
		};
		4C27D9541F435F0D00CF8E72 /* Debug */ = {
			isa = XCBuildConfiguration;
			baseConfigurationReference = F5EE97819674FDFC427382F3 /* Pods-MonitoriaUFVTests.debug.xcconfig */;
			buildSettings = {
				ALWAYS_EMBED_SWIFT_STANDARD_LIBRARIES = YES;
				BUNDLE_LOADER = "$(TEST_HOST)";
				DEVELOPMENT_TEAM = ZX8B9U4537;
				INFOPLIST_FILE = MonitoriaUFVTests/Info.plist;
				LD_RUNPATH_SEARCH_PATHS = "$(inherited) @executable_path/Frameworks @loader_path/Frameworks";
				PRODUCT_BUNDLE_IDENTIFIER = com.danielaraujos.MonitoriaUFVTests;
				PRODUCT_NAME = "$(TARGET_NAME)";
				SWIFT_VERSION = 3.0;
				TEST_HOST = "$(BUILT_PRODUCTS_DIR)/MonitoriaUFV.app/MonitoriaUFV";
			};
			name = Debug;
		};
		4C27D9551F435F0D00CF8E72 /* Release */ = {
			isa = XCBuildConfiguration;
			baseConfigurationReference = BC85B8F1A13FD03D6184C13A /* Pods-MonitoriaUFVTests.release.xcconfig */;
			buildSettings = {
				ALWAYS_EMBED_SWIFT_STANDARD_LIBRARIES = YES;
				BUNDLE_LOADER = "$(TEST_HOST)";
				DEVELOPMENT_TEAM = ZX8B9U4537;
				INFOPLIST_FILE = MonitoriaUFVTests/Info.plist;
				LD_RUNPATH_SEARCH_PATHS = "$(inherited) @executable_path/Frameworks @loader_path/Frameworks";
				PRODUCT_BUNDLE_IDENTIFIER = com.danielaraujos.MonitoriaUFVTests;
				PRODUCT_NAME = "$(TARGET_NAME)";
				SWIFT_VERSION = 3.0;
				TEST_HOST = "$(BUILT_PRODUCTS_DIR)/MonitoriaUFV.app/MonitoriaUFV";
			};
			name = Release;
		};
		4C27D9571F435F0D00CF8E72 /* Debug */ = {
			isa = XCBuildConfiguration;
			baseConfigurationReference = E8D1FE2F1619ADA76E455273 /* Pods-MonitoriaUFVUITests.debug.xcconfig */;
			buildSettings = {
				ALWAYS_EMBED_SWIFT_STANDARD_LIBRARIES = YES;
				DEVELOPMENT_TEAM = ZX8B9U4537;
				INFOPLIST_FILE = MonitoriaUFVUITests/Info.plist;
				LD_RUNPATH_SEARCH_PATHS = "$(inherited) @executable_path/Frameworks @loader_path/Frameworks";
				PRODUCT_BUNDLE_IDENTIFIER = com.danielaraujos.MonitoriaUFVUITests;
				PRODUCT_NAME = "$(TARGET_NAME)";
				SWIFT_VERSION = 3.0;
				TEST_TARGET_NAME = MonitoriaUFV;
			};
			name = Debug;
		};
		4C27D9581F435F0D00CF8E72 /* Release */ = {
			isa = XCBuildConfiguration;
			baseConfigurationReference = 234F52150D595A9276AC0D7B /* Pods-MonitoriaUFVUITests.release.xcconfig */;
			buildSettings = {
				ALWAYS_EMBED_SWIFT_STANDARD_LIBRARIES = YES;
				DEVELOPMENT_TEAM = ZX8B9U4537;
				INFOPLIST_FILE = MonitoriaUFVUITests/Info.plist;
				LD_RUNPATH_SEARCH_PATHS = "$(inherited) @executable_path/Frameworks @loader_path/Frameworks";
				PRODUCT_BUNDLE_IDENTIFIER = com.danielaraujos.MonitoriaUFVUITests;
				PRODUCT_NAME = "$(TARGET_NAME)";
				SWIFT_VERSION = 3.0;
				TEST_TARGET_NAME = MonitoriaUFV;
			};
			name = Release;
		};
/* End XCBuildConfiguration section */

/* Begin XCConfigurationList section */
		4C27D9201F435F0D00CF8E72 /* Build configuration list for PBXProject "MonitoriaUFV" */ = {
			isa = XCConfigurationList;
			buildConfigurations = (
				4C27D94E1F435F0D00CF8E72 /* Debug */,
				4C27D94F1F435F0D00CF8E72 /* Release */,
			);
			defaultConfigurationIsVisible = 0;
			defaultConfigurationName = Release;
		};
		4C27D9501F435F0D00CF8E72 /* Build configuration list for PBXNativeTarget "MonitoriaUFV" */ = {
			isa = XCConfigurationList;
			buildConfigurations = (
				4C27D9511F435F0D00CF8E72 /* Debug */,
				4C27D9521F435F0D00CF8E72 /* Release */,
			);
			defaultConfigurationIsVisible = 0;
			defaultConfigurationName = Release;
		};
		4C27D9531F435F0D00CF8E72 /* Build configuration list for PBXNativeTarget "MonitoriaUFVTests" */ = {
			isa = XCConfigurationList;
			buildConfigurations = (
				4C27D9541F435F0D00CF8E72 /* Debug */,
				4C27D9551F435F0D00CF8E72 /* Release */,
			);
			defaultConfigurationIsVisible = 0;
			defaultConfigurationName = Release;
		};
		4C27D9561F435F0D00CF8E72 /* Build configuration list for PBXNativeTarget "MonitoriaUFVUITests" */ = {
			isa = XCConfigurationList;
			buildConfigurations = (
				4C27D9571F435F0D00CF8E72 /* Debug */,
				4C27D9581F435F0D00CF8E72 /* Release */,
			);
			defaultConfigurationIsVisible = 0;
			defaultConfigurationName = Release;
		};
/* End XCConfigurationList section */

/* Begin XCVersionGroup section */
		4C27D92F1F435F0D00CF8E72 /* MonitoriaUFV.xcdatamodeld */ = {
			isa = XCVersionGroup;
			children = (
				4C27D9301F435F0D00CF8E72 /* MonitoriaUFV.xcdatamodel */,
			);
			currentVersion = 4C27D9301F435F0D00CF8E72 /* MonitoriaUFV.xcdatamodel */;
			path = MonitoriaUFV.xcdatamodeld;
			sourceTree = "<group>";
			versionGroupType = wrapper.xcdatamodel;
		};
/* End XCVersionGroup section */
	};
	rootObject = 4C27D91D1F435F0D00CF8E72 /* Project object */;
}
